
Microsoft Visual Studio Solution File, Format Version 12.00
# Visual Studio Version 17
VisualStudioVersion = 17.0.31903.59
MinimumVisualStudioVersion = 10.0.40219.1
Project("{2150E333-8FDC-42A3-9474-1A3956D46DE8}") = "tests", "tests", "{0AB3BF05-4346-4AA6-1389-037BE0695223}"
EndProject
Project("{FAE04EC0-301F-11D3-BF4B-00C04F79EFBC}") = "Common.Lib.Tests", "tests\Common.Lib.Tests\Common.Lib.Tests.csproj", "{51DCF00A-F7E4-42FF-BBC1-574BC1143BBF}"
EndProject
Project("{2150E333-8FDC-42A3-9474-1A3956D46DE8}") = "src", "src", "{827E0CD3-B72D-47B6-A68D-7590B98EB39B}"
EndProject
Project("{FAE04EC0-301F-11D3-BF4B-00C04F79EFBC}") = "AppHost", "src\AppHost\AppHost.csproj", "{C7FE3025-A94F-4EEA-AA09-B0E137D502E7}"
EndProject
Project("{FAE04EC0-301F-11D3-BF4B-00C04F79EFBC}") = "ServiceDefaults", "src\ServiceDefaults\ServiceDefaults.csproj", "{3CD7CCC7-CF1D-4C18-9647-6751F1913708}"
EndProject
Project("{FAE04EC0-301F-11D3-BF4B-00C04F79EFBC}") = "Common.Lib", "src\Common.Lib\Common.Lib.csproj", "{383655AF-878B-4B58-802E-EA8E2659693B}"
EndProject
Project("{FAE04EC0-301F-11D3-BF4B-00C04F79EFBC}") = "Contracts", "src\Contracts\Contracts.csproj", "{89774258-9FA4-47A1-9026-F5AB3C6226DB}"
EndProject
Project("{FAE04EC0-301F-11D3-BF4B-00C04F79EFBC}") = "Identity.API", "src\Identity.API\Identity.API.csproj", "{4A5769EC-FD89-4A06-8BE1-69C3CB993209}"
EndProject
Project("{FAE04EC0-301F-11D3-BF4B-00C04F79EFBC}") = "Catalog.API", "src\Catalog.API\Catalog.API.csproj", "{6EC85CA3-3F3B-4E65-A1F5-BE3ED8AED121}"
EndProject
Project("{FAE04EC0-301F-11D3-BF4B-00C04F79EFBC}") = "Customer.API", "src\Customer.API\Customer.API.csproj", "{E818FB1B-DF9B-4C39-A5FC-DEA53E6F1D1D}"
EndProject
Project("{FAE04EC0-301F-11D3-BF4B-00C04F79EFBC}") = "Order.API", "src\Order.API\Order.API.csproj", "{9A416505-955D-433D-8A59-466BF2DDE711}"
EndProject
Project("{FAE04EC0-301F-11D3-BF4B-00C04F79EFBC}") = "Notification.Worker", "src\Notification.Worker\Notification.Worker.csproj", "{C4D1F0A5-FE91-4DCE-8F8E-225C485B195C}"
EndProject
Project("{FAE04EC0-301F-11D3-BF4B-00C04F79EFBC}") = "ApiGateway", "src\ApiGateway\ApiGateway.csproj", "{5C8545C6-4E69-429F-8E7C-A553CF1A3380}"
EndProject
Project("{FAE04EC0-301F-11D3-BF4B-00C04F79EFBC}") = "ServiceDefaults.Tests", "tests\ServiceDefaults.Tests\ServiceDefaults.Tests.csproj", "{0DC0B664-C1F9-4213-91E7-2F2F216F4FC4}"
EndProject
Project("{FAE04EC0-301F-11D3-BF4B-00C04F79EFBC}") = "AppHost.Tests", "tests\AppHost.Tests\AppHost.Tests.csproj", "{F8E25E35-A5C3-48BA-98F8-94CD404D04DC}"
EndProject
Project("{FAE04EC0-301F-11D3-BF4B-00C04F79EFBC}") = "Catalog.API.Tests", "tests\Catalog.API.Tests\Catalog.API.Tests.csproj", "{07D215B3-FC1D-419A-8754-48D059C255B8}"
EndProject
Project("{FAE04EC0-301F-11D3-BF4B-00C04F79EFBC}") = "Identity.API.Tests", "tests\Identity.API.Tests\Identity.API.Tests.csproj", "{18A5CA66-88CC-41BB-A692-E02B091324FC}"
EndProject
Project("{FAE04EC0-301F-11D3-BF4B-00C04F79EFBC}") = "Customer.API.Tests", "tests\Customer.API.Tests\Customer.API.Tests.csproj", "{E68F6DA3-D6AF-4902-9803-9D7956CB451C}"
EndProject
Project("{FAE04EC0-301F-11D3-BF4B-00C04F79EFBC}") = "Order.API.Tests", "tests\Order.API.Tests\Order.API.Tests.csproj", "{61706C89-7812-4E89-8244-373FF48240ED}"
EndProject
Project("{FAE04EC0-301F-11D3-BF4B-00C04F79EFBC}") = "Notification.Worker.Tests", "tests\Notification.Worker.Tests\Notification.Worker.Tests.csproj", "{4DB0E86F-7918-4CFE-967D-C7306D6B8BB8}"
EndProject
Project("{FAE04EC0-301F-11D3-BF4B-00C04F79EFBC}") = "ApiGateway.Tests", "tests\ApiGateway.Tests\ApiGateway.Tests.csproj", "{84C2BCDB-6FA1-4F1B-ABE4-CCA5651ABDBD}"
EndProject
Project("{FAE04EC0-301F-11D3-BF4B-00C04F79EFBC}") = "Order.API.ResilienceTests", "tests\Order.API.ResilienceTests\Order.API.ResilienceTests.csproj", "{4900DD05-9E16-4FC5-AF0D-8DBA0D23C285}"
EndProject
Global
	GlobalSection(SolutionConfigurationPlatforms) = preSolution
		Debug|Any CPU = Debug|Any CPU
		Debug|x64 = Debug|x64
		Debug|x86 = Debug|x86
		Release|Any CPU = Release|Any CPU
		Release|x64 = Release|x64
		Release|x86 = Release|x86
	EndGlobalSection
	GlobalSection(ProjectConfigurationPlatforms) = postSolution
		{51DCF00A-F7E4-42FF-BBC1-574BC1143BBF}.Debug|Any CPU.ActiveCfg = Debug|Any CPU
		{51DCF00A-F7E4-42FF-BBC1-574BC1143BBF}.Debug|Any CPU.Build.0 = Debug|Any CPU
		{51DCF00A-F7E4-42FF-BBC1-574BC1143BBF}.Debug|x64.ActiveCfg = Debug|Any CPU
		{51DCF00A-F7E4-42FF-BBC1-574BC1143BBF}.Debug|x64.Build.0 = Debug|Any CPU
		{51DCF00A-F7E4-42FF-BBC1-574BC1143BBF}.Debug|x86.ActiveCfg = Debug|Any CPU
		{51DCF00A-F7E4-42FF-BBC1-574BC1143BBF}.Debug|x86.Build.0 = Debug|Any CPU
		{51DCF00A-F7E4-42FF-BBC1-574BC1143BBF}.Release|Any CPU.ActiveCfg = Release|Any CPU
		{51DCF00A-F7E4-42FF-BBC1-574BC1143BBF}.Release|Any CPU.Build.0 = Release|Any CPU
		{51DCF00A-F7E4-42FF-BBC1-574BC1143BBF}.Release|x64.ActiveCfg = Release|Any CPU
		{51DCF00A-F7E4-42FF-BBC1-574BC1143BBF}.Release|x64.Build.0 = Release|Any CPU
		{51DCF00A-F7E4-42FF-BBC1-574BC1143BBF}.Release|x86.ActiveCfg = Release|Any CPU
		{51DCF00A-F7E4-42FF-BBC1-574BC1143BBF}.Release|x86.Build.0 = Release|Any CPU
		{C7FE3025-A94F-4EEA-AA09-B0E137D502E7}.Debug|Any CPU.ActiveCfg = Debug|Any CPU
		{C7FE3025-A94F-4EEA-AA09-B0E137D502E7}.Debug|Any CPU.Build.0 = Debug|Any CPU
		{C7FE3025-A94F-4EEA-AA09-B0E137D502E7}.Debug|x64.ActiveCfg = Debug|Any CPU
		{C7FE3025-A94F-4EEA-AA09-B0E137D502E7}.Debug|x64.Build.0 = Debug|Any CPU
		{C7FE3025-A94F-4EEA-AA09-B0E137D502E7}.Debug|x86.ActiveCfg = Debug|Any CPU
		{C7FE3025-A94F-4EEA-AA09-B0E137D502E7}.Debug|x86.Build.0 = Debug|Any CPU
		{C7FE3025-A94F-4EEA-AA09-B0E137D502E7}.Release|Any CPU.ActiveCfg = Release|Any CPU
		{C7FE3025-A94F-4EEA-AA09-B0E137D502E7}.Release|Any CPU.Build.0 = Release|Any CPU
		{C7FE3025-A94F-4EEA-AA09-B0E137D502E7}.Release|x64.ActiveCfg = Release|Any CPU
		{C7FE3025-A94F-4EEA-AA09-B0E137D502E7}.Release|x64.Build.0 = Release|Any CPU
		{C7FE3025-A94F-4EEA-AA09-B0E137D502E7}.Release|x86.ActiveCfg = Release|Any CPU
		{C7FE3025-A94F-4EEA-AA09-B0E137D502E7}.Release|x86.Build.0 = Release|Any CPU
		{3CD7CCC7-CF1D-4C18-9647-6751F1913708}.Debug|Any CPU.ActiveCfg = Debug|Any CPU
		{3CD7CCC7-CF1D-4C18-9647-6751F1913708}.Debug|Any CPU.Build.0 = Debug|Any CPU
		{3CD7CCC7-CF1D-4C18-9647-6751F1913708}.Debug|x64.ActiveCfg = Debug|Any CPU
		{3CD7CCC7-CF1D-4C18-9647-6751F1913708}.Debug|x64.Build.0 = Debug|Any CPU
		{3CD7CCC7-CF1D-4C18-9647-6751F1913708}.Debug|x86.ActiveCfg = Debug|Any CPU
		{3CD7CCC7-CF1D-4C18-9647-6751F1913708}.Debug|x86.Build.0 = Debug|Any CPU
		{3CD7CCC7-CF1D-4C18-9647-6751F1913708}.Release|Any CPU.ActiveCfg = Release|Any CPU
		{3CD7CCC7-CF1D-4C18-9647-6751F1913708}.Release|Any CPU.Build.0 = Release|Any CPU
		{3CD7CCC7-CF1D-4C18-9647-6751F1913708}.Release|x64.ActiveCfg = Release|Any CPU
		{3CD7CCC7-CF1D-4C18-9647-6751F1913708}.Release|x64.Build.0 = Release|Any CPU
		{3CD7CCC7-CF1D-4C18-9647-6751F1913708}.Release|x86.ActiveCfg = Release|Any CPU
		{3CD7CCC7-CF1D-4C18-9647-6751F1913708}.Release|x86.Build.0 = Release|Any CPU
		{383655AF-878B-4B58-802E-EA8E2659693B}.Debug|Any CPU.ActiveCfg = Debug|Any CPU
		{383655AF-878B-4B58-802E-EA8E2659693B}.Debug|Any CPU.Build.0 = Debug|Any CPU
		{383655AF-878B-4B58-802E-EA8E2659693B}.Debug|x64.ActiveCfg = Debug|Any CPU
		{383655AF-878B-4B58-802E-EA8E2659693B}.Debug|x64.Build.0 = Debug|Any CPU
		{383655AF-878B-4B58-802E-EA8E2659693B}.Debug|x86.ActiveCfg = Debug|Any CPU
		{383655AF-878B-4B58-802E-EA8E2659693B}.Debug|x86.Build.0 = Debug|Any CPU
		{383655AF-878B-4B58-802E-EA8E2659693B}.Release|Any CPU.ActiveCfg = Release|Any CPU
		{383655AF-878B-4B58-802E-EA8E2659693B}.Release|Any CPU.Build.0 = Release|Any CPU
		{383655AF-878B-4B58-802E-EA8E2659693B}.Release|x64.ActiveCfg = Release|Any CPU
		{383655AF-878B-4B58-802E-EA8E2659693B}.Release|x64.Build.0 = Release|Any CPU
		{383655AF-878B-4B58-802E-EA8E2659693B}.Release|x86.ActiveCfg = Release|Any CPU
		{383655AF-878B-4B58-802E-EA8E2659693B}.Release|x86.Build.0 = Release|Any CPU
		{89774258-9FA4-47A1-9026-F5AB3C6226DB}.Debug|Any CPU.ActiveCfg = Debug|Any CPU
		{89774258-9FA4-47A1-9026-F5AB3C6226DB}.Debug|Any CPU.Build.0 = Debug|Any CPU
		{89774258-9FA4-47A1-9026-F5AB3C6226DB}.Debug|x64.ActiveCfg = Debug|Any CPU
		{89774258-9FA4-47A1-9026-F5AB3C6226DB}.Debug|x64.Build.0 = Debug|Any CPU
		{89774258-9FA4-47A1-9026-F5AB3C6226DB}.Debug|x86.ActiveCfg = Debug|Any CPU
		{89774258-9FA4-47A1-9026-F5AB3C6226DB}.Debug|x86.Build.0 = Debug|Any CPU
		{89774258-9FA4-47A1-9026-F5AB3C6226DB}.Release|Any CPU.ActiveCfg = Release|Any CPU
		{89774258-9FA4-47A1-9026-F5AB3C6226DB}.Release|Any CPU.Build.0 = Release|Any CPU
		{89774258-9FA4-47A1-9026-F5AB3C6226DB}.Release|x64.ActiveCfg = Release|Any CPU
		{89774258-9FA4-47A1-9026-F5AB3C6226DB}.Release|x64.Build.0 = Release|Any CPU
		{89774258-9FA4-47A1-9026-F5AB3C6226DB}.Release|x86.ActiveCfg = Release|Any CPU
		{89774258-9FA4-47A1-9026-F5AB3C6226DB}.Release|x86.Build.0 = Release|Any CPU
		{4A5769EC-FD89-4A06-8BE1-69C3CB993209}.Debug|Any CPU.ActiveCfg = Debug|Any CPU
		{4A5769EC-FD89-4A06-8BE1-69C3CB993209}.Debug|Any CPU.Build.0 = Debug|Any CPU
		{4A5769EC-FD89-4A06-8BE1-69C3CB993209}.Debug|x64.ActiveCfg = Debug|Any CPU
		{4A5769EC-FD89-4A06-8BE1-69C3CB993209}.Debug|x64.Build.0 = Debug|Any CPU
		{4A5769EC-FD89-4A06-8BE1-69C3CB993209}.Debug|x86.ActiveCfg = Debug|Any CPU
		{4A5769EC-FD89-4A06-8BE1-69C3CB993209}.Debug|x86.Build.0 = Debug|Any CPU
		{4A5769EC-FD89-4A06-8BE1-69C3CB993209}.Release|Any CPU.ActiveCfg = Release|Any CPU
		{4A5769EC-FD89-4A06-8BE1-69C3CB993209}.Release|Any CPU.Build.0 = Release|Any CPU
		{4A5769EC-FD89-4A06-8BE1-69C3CB993209}.Release|x64.ActiveCfg = Release|Any CPU
		{4A5769EC-FD89-4A06-8BE1-69C3CB993209}.Release|x64.Build.0 = Release|Any CPU
		{4A5769EC-FD89-4A06-8BE1-69C3CB993209}.Release|x86.ActiveCfg = Release|Any CPU
		{4A5769EC-FD89-4A06-8BE1-69C3CB993209}.Release|x86.Build.0 = Release|Any CPU
		{6EC85CA3-3F3B-4E65-A1F5-BE3ED8AED121}.Debug|Any CPU.ActiveCfg = Debug|Any CPU
		{6EC85CA3-3F3B-4E65-A1F5-BE3ED8AED121}.Debug|Any CPU.Build.0 = Debug|Any CPU
		{6EC85CA3-3F3B-4E65-A1F5-BE3ED8AED121}.Debug|x64.ActiveCfg = Debug|Any CPU
		{6EC85CA3-3F3B-4E65-A1F5-BE3ED8AED121}.Debug|x64.Build.0 = Debug|Any CPU
		{6EC85CA3-3F3B-4E65-A1F5-BE3ED8AED121}.Debug|x86.ActiveCfg = Debug|Any CPU
		{6EC85CA3-3F3B-4E65-A1F5-BE3ED8AED121}.Debug|x86.Build.0 = Debug|Any CPU
		{6EC85CA3-3F3B-4E65-A1F5-BE3ED8AED121}.Release|Any CPU.ActiveCfg = Release|Any CPU
		{6EC85CA3-3F3B-4E65-A1F5-BE3ED8AED121}.Release|Any CPU.Build.0 = Release|Any CPU
		{6EC85CA3-3F3B-4E65-A1F5-BE3ED8AED121}.Release|x64.ActiveCfg = Release|Any CPU
		{6EC85CA3-3F3B-4E65-A1F5-BE3ED8AED121}.Release|x64.Build.0 = Release|Any CPU
		{6EC85CA3-3F3B-4E65-A1F5-BE3ED8AED121}.Release|x86.ActiveCfg = Release|Any CPU
		{6EC85CA3-3F3B-4E65-A1F5-BE3ED8AED121}.Release|x86.Build.0 = Release|Any CPU
		{E818FB1B-DF9B-4C39-A5FC-DEA53E6F1D1D}.Debug|Any CPU.ActiveCfg = Debug|Any CPU
		{E818FB1B-DF9B-4C39-A5FC-DEA53E6F1D1D}.Debug|Any CPU.Build.0 = Debug|Any CPU
		{E818FB1B-DF9B-4C39-A5FC-DEA53E6F1D1D}.Debug|x64.ActiveCfg = Debug|Any CPU
		{E818FB1B-DF9B-4C39-A5FC-DEA53E6F1D1D}.Debug|x64.Build.0 = Debug|Any CPU
		{E818FB1B-DF9B-4C39-A5FC-DEA53E6F1D1D}.Debug|x86.ActiveCfg = Debug|Any CPU
		{E818FB1B-DF9B-4C39-A5FC-DEA53E6F1D1D}.Debug|x86.Build.0 = Debug|Any CPU
		{E818FB1B-DF9B-4C39-A5FC-DEA53E6F1D1D}.Release|Any CPU.ActiveCfg = Release|Any CPU
		{E818FB1B-DF9B-4C39-A5FC-DEA53E6F1D1D}.Release|Any CPU.Build.0 = Release|Any CPU
		{E818FB1B-DF9B-4C39-A5FC-DEA53E6F1D1D}.Release|x64.ActiveCfg = Release|Any CPU
		{E818FB1B-DF9B-4C39-A5FC-DEA53E6F1D1D}.Release|x64.Build.0 = Release|Any CPU
		{E818FB1B-DF9B-4C39-A5FC-DEA53E6F1D1D}.Release|x86.ActiveCfg = Release|Any CPU
		{E818FB1B-DF9B-4C39-A5FC-DEA53E6F1D1D}.Release|x86.Build.0 = Release|Any CPU
		{9A416505-955D-433D-8A59-466BF2DDE711}.Debug|Any CPU.ActiveCfg = Debug|Any CPU
		{9A416505-955D-433D-8A59-466BF2DDE711}.Debug|Any CPU.Build.0 = Debug|Any CPU
		{9A416505-955D-433D-8A59-466BF2DDE711}.Debug|x64.ActiveCfg = Debug|Any CPU
		{9A416505-955D-433D-8A59-466BF2DDE711}.Debug|x64.Build.0 = Debug|Any CPU
		{9A416505-955D-433D-8A59-466BF2DDE711}.Debug|x86.ActiveCfg = Debug|Any CPU
		{9A416505-955D-433D-8A59-466BF2DDE711}.Debug|x86.Build.0 = Debug|Any CPU
		{9A416505-955D-433D-8A59-466BF2DDE711}.Release|Any CPU.ActiveCfg = Release|Any CPU
		{9A416505-955D-433D-8A59-466BF2DDE711}.Release|Any CPU.Build.0 = Release|Any CPU
		{9A416505-955D-433D-8A59-466BF2DDE711}.Release|x64.ActiveCfg = Release|Any CPU
		{9A416505-955D-433D-8A59-466BF2DDE711}.Release|x64.Build.0 = Release|Any CPU
		{9A416505-955D-433D-8A59-466BF2DDE711}.Release|x86.ActiveCfg = Release|Any CPU
		{9A416505-955D-433D-8A59-466BF2DDE711}.Release|x86.Build.0 = Release|Any CPU
		{C4D1F0A5-FE91-4DCE-8F8E-225C485B195C}.Debug|Any CPU.ActiveCfg = Debug|Any CPU
		{C4D1F0A5-FE91-4DCE-8F8E-225C485B195C}.Debug|Any CPU.Build.0 = Debug|Any CPU
		{C4D1F0A5-FE91-4DCE-8F8E-225C485B195C}.Debug|x64.ActiveCfg = Debug|Any CPU
		{C4D1F0A5-FE91-4DCE-8F8E-225C485B195C}.Debug|x64.Build.0 = Debug|Any CPU
		{C4D1F0A5-FE91-4DCE-8F8E-225C485B195C}.Debug|x86.ActiveCfg = Debug|Any CPU
		{C4D1F0A5-FE91-4DCE-8F8E-225C485B195C}.Debug|x86.Build.0 = Debug|Any CPU
		{C4D1F0A5-FE91-4DCE-8F8E-225C485B195C}.Release|Any CPU.ActiveCfg = Release|Any CPU
		{C4D1F0A5-FE91-4DCE-8F8E-225C485B195C}.Release|Any CPU.Build.0 = Release|Any CPU
		{C4D1F0A5-FE91-4DCE-8F8E-225C485B195C}.Release|x64.ActiveCfg = Release|Any CPU
		{C4D1F0A5-FE91-4DCE-8F8E-225C485B195C}.Release|x64.Build.0 = Release|Any CPU
		{C4D1F0A5-FE91-4DCE-8F8E-225C485B195C}.Release|x86.ActiveCfg = Release|Any CPU
		{C4D1F0A5-FE91-4DCE-8F8E-225C485B195C}.Release|x86.Build.0 = Release|Any CPU
		{5C8545C6-4E69-429F-8E7C-A553CF1A3380}.Debug|Any CPU.ActiveCfg = Debug|Any CPU
		{5C8545C6-4E69-429F-8E7C-A553CF1A3380}.Debug|Any CPU.Build.0 = Debug|Any CPU
		{5C8545C6-4E69-429F-8E7C-A553CF1A3380}.Debug|x64.ActiveCfg = Debug|Any CPU
		{5C8545C6-4E69-429F-8E7C-A553CF1A3380}.Debug|x64.Build.0 = Debug|Any CPU
		{5C8545C6-4E69-429F-8E7C-A553CF1A3380}.Debug|x86.ActiveCfg = Debug|Any CPU
		{5C8545C6-4E69-429F-8E7C-A553CF1A3380}.Debug|x86.Build.0 = Debug|Any CPU
		{5C8545C6-4E69-429F-8E7C-A553CF1A3380}.Release|Any CPU.ActiveCfg = Release|Any CPU
		{5C8545C6-4E69-429F-8E7C-A553CF1A3380}.Release|Any CPU.Build.0 = Release|Any CPU
		{5C8545C6-4E69-429F-8E7C-A553CF1A3380}.Release|x64.ActiveCfg = Release|Any CPU
		{5C8545C6-4E69-429F-8E7C-A553CF1A3380}.Release|x64.Build.0 = Release|Any CPU
		{5C8545C6-4E69-429F-8E7C-A553CF1A3380}.Release|x86.ActiveCfg = Release|Any CPU
		{5C8545C6-4E69-429F-8E7C-A553CF1A3380}.Release|x86.Build.0 = Release|Any CPU
		{0DC0B664-C1F9-4213-91E7-2F2F216F4FC4}.Debug|Any CPU.ActiveCfg = Debug|Any CPU
		{0DC0B664-C1F9-4213-91E7-2F2F216F4FC4}.Debug|Any CPU.Build.0 = Debug|Any CPU
		{0DC0B664-C1F9-4213-91E7-2F2F216F4FC4}.Debug|x64.ActiveCfg = Debug|Any CPU
		{0DC0B664-C1F9-4213-91E7-2F2F216F4FC4}.Debug|x64.Build.0 = Debug|Any CPU
		{0DC0B664-C1F9-4213-91E7-2F2F216F4FC4}.Debug|x86.ActiveCfg = Debug|Any CPU
		{0DC0B664-C1F9-4213-91E7-2F2F216F4FC4}.Debug|x86.Build.0 = Debug|Any CPU
		{0DC0B664-C1F9-4213-91E7-2F2F216F4FC4}.Release|Any CPU.ActiveCfg = Release|Any CPU
		{0DC0B664-C1F9-4213-91E7-2F2F216F4FC4}.Release|Any CPU.Build.0 = Release|Any CPU
		{0DC0B664-C1F9-4213-91E7-2F2F216F4FC4}.Release|x64.ActiveCfg = Release|Any CPU
		{0DC0B664-C1F9-4213-91E7-2F2F216F4FC4}.Release|x64.Build.0 = Release|Any CPU
		{0DC0B664-C1F9-4213-91E7-2F2F216F4FC4}.Release|x86.ActiveCfg = Release|Any CPU
		{0DC0B664-C1F9-4213-91E7-2F2F216F4FC4}.Release|x86.Build.0 = Release|Any CPU
		{F8E25E35-A5C3-48BA-98F8-94CD404D04DC}.Debug|Any CPU.ActiveCfg = Debug|Any CPU
		{F8E25E35-A5C3-48BA-98F8-94CD404D04DC}.Debug|Any CPU.Build.0 = Debug|Any CPU
		{F8E25E35-A5C3-48BA-98F8-94CD404D04DC}.Debug|x64.ActiveCfg = Debug|Any CPU
		{F8E25E35-A5C3-48BA-98F8-94CD404D04DC}.Debug|x64.Build.0 = Debug|Any CPU
		{F8E25E35-A5C3-48BA-98F8-94CD404D04DC}.Debug|x86.ActiveCfg = Debug|Any CPU
		{F8E25E35-A5C3-48BA-98F8-94CD404D04DC}.Debug|x86.Build.0 = Debug|Any CPU
		{F8E25E35-A5C3-48BA-98F8-94CD404D04DC}.Release|Any CPU.ActiveCfg = Release|Any CPU
		{F8E25E35-A5C3-48BA-98F8-94CD404D04DC}.Release|Any CPU.Build.0 = Release|Any CPU
		{F8E25E35-A5C3-48BA-98F8-94CD404D04DC}.Release|x64.ActiveCfg = Release|Any CPU
		{F8E25E35-A5C3-48BA-98F8-94CD404D04DC}.Release|x64.Build.0 = Release|Any CPU
		{F8E25E35-A5C3-48BA-98F8-94CD404D04DC}.Release|x86.ActiveCfg = Release|Any CPU
		{F8E25E35-A5C3-48BA-98F8-94CD404D04DC}.Release|x86.Build.0 = Release|Any CPU
		{07D215B3-FC1D-419A-8754-48D059C255B8}.Debug|Any CPU.ActiveCfg = Debug|Any CPU
		{07D215B3-FC1D-419A-8754-48D059C255B8}.Debug|Any CPU.Build.0 = Debug|Any CPU
		{07D215B3-FC1D-419A-8754-48D059C255B8}.Debug|x64.ActiveCfg = Debug|Any CPU
		{07D215B3-FC1D-419A-8754-48D059C255B8}.Debug|x64.Build.0 = Debug|Any CPU
		{07D215B3-FC1D-419A-8754-48D059C255B8}.Debug|x86.ActiveCfg = Debug|Any CPU
		{07D215B3-FC1D-419A-8754-48D059C255B8}.Debug|x86.Build.0 = Debug|Any CPU
		{07D215B3-FC1D-419A-8754-48D059C255B8}.Release|Any CPU.ActiveCfg = Release|Any CPU
		{07D215B3-FC1D-419A-8754-48D059C255B8}.Release|Any CPU.Build.0 = Release|Any CPU
		{07D215B3-FC1D-419A-8754-48D059C255B8}.Release|x64.ActiveCfg = Release|Any CPU
		{07D215B3-FC1D-419A-8754-48D059C255B8}.Release|x64.Build.0 = Release|Any CPU
		{07D215B3-FC1D-419A-8754-48D059C255B8}.Release|x86.ActiveCfg = Release|Any CPU
		{07D215B3-FC1D-419A-8754-48D059C255B8}.Release|x86.Build.0 = Release|Any CPU
		{18A5CA66-88CC-41BB-A692-E02B091324FC}.Debug|Any CPU.ActiveCfg = Debug|Any CPU
		{18A5CA66-88CC-41BB-A692-E02B091324FC}.Debug|Any CPU.Build.0 = Debug|Any CPU
		{18A5CA66-88CC-41BB-A692-E02B091324FC}.Debug|x64.ActiveCfg = Debug|Any CPU
		{18A5CA66-88CC-41BB-A692-E02B091324FC}.Debug|x64.Build.0 = Debug|Any CPU
		{18A5CA66-88CC-41BB-A692-E02B091324FC}.Debug|x86.ActiveCfg = Debug|Any CPU
		{18A5CA66-88CC-41BB-A692-E02B091324FC}.Debug|x86.Build.0 = Debug|Any CPU
		{18A5CA66-88CC-41BB-A692-E02B091324FC}.Release|Any CPU.ActiveCfg = Release|Any CPU
		{18A5CA66-88CC-41BB-A692-E02B091324FC}.Release|Any CPU.Build.0 = Release|Any CPU
		{18A5CA66-88CC-41BB-A692-E02B091324FC}.Release|x64.ActiveCfg = Release|Any CPU
		{18A5CA66-88CC-41BB-A692-E02B091324FC}.Release|x64.Build.0 = Release|Any CPU
		{18A5CA66-88CC-41BB-A692-E02B091324FC}.Release|x86.ActiveCfg = Release|Any CPU
		{18A5CA66-88CC-41BB-A692-E02B091324FC}.Release|x86.Build.0 = Release|Any CPU
		{E68F6DA3-D6AF-4902-9803-9D7956CB451C}.Debug|Any CPU.ActiveCfg = Debug|Any CPU
		{E68F6DA3-D6AF-4902-9803-9D7956CB451C}.Debug|Any CPU.Build.0 = Debug|Any CPU
		{E68F6DA3-D6AF-4902-9803-9D7956CB451C}.Debug|x64.ActiveCfg = Debug|Any CPU
		{E68F6DA3-D6AF-4902-9803-9D7956CB451C}.Debug|x64.Build.0 = Debug|Any CPU
		{E68F6DA3-D6AF-4902-9803-9D7956CB451C}.Debug|x86.ActiveCfg = Debug|Any CPU
		{E68F6DA3-D6AF-4902-9803-9D7956CB451C}.Debug|x86.Build.0 = Debug|Any CPU
		{E68F6DA3-D6AF-4902-9803-9D7956CB451C}.Release|Any CPU.ActiveCfg = Release|Any CPU
		{E68F6DA3-D6AF-4902-9803-9D7956CB451C}.Release|Any CPU.Build.0 = Release|Any CPU
		{E68F6DA3-D6AF-4902-9803-9D7956CB451C}.Release|x64.ActiveCfg = Release|Any CPU
		{E68F6DA3-D6AF-4902-9803-9D7956CB451C}.Release|x64.Build.0 = Release|Any CPU
		{E68F6DA3-D6AF-4902-9803-9D7956CB451C}.Release|x86.ActiveCfg = Release|Any CPU
		{E68F6DA3-D6AF-4902-9803-9D7956CB451C}.Release|x86.Build.0 = Release|Any CPU
		{61706C89-7812-4E89-8244-373FF48240ED}.Debug|Any CPU.ActiveCfg = Debug|Any CPU
		{61706C89-7812-4E89-8244-373FF48240ED}.Debug|Any CPU.Build.0 = Debug|Any CPU
		{61706C89-7812-4E89-8244-373FF48240ED}.Debug|x64.ActiveCfg = Debug|Any CPU
		{61706C89-7812-4E89-8244-373FF48240ED}.Debug|x64.Build.0 = Debug|Any CPU
		{61706C89-7812-4E89-8244-373FF48240ED}.Debug|x86.ActiveCfg = Debug|Any CPU
		{61706C89-7812-4E89-8244-373FF48240ED}.Debug|x86.Build.0 = Debug|Any CPU
		{61706C89-7812-4E89-8244-373FF48240ED}.Release|Any CPU.ActiveCfg = Release|Any CPU
		{61706C89-7812-4E89-8244-373FF48240ED}.Release|Any CPU.Build.0 = Release|Any CPU
		{61706C89-7812-4E89-8244-373FF48240ED}.Release|x64.ActiveCfg = Release|Any CPU
		{61706C89-7812-4E89-8244-373FF48240ED}.Release|x64.Build.0 = Release|Any CPU
		{61706C89-7812-4E89-8244-373FF48240ED}.Release|x86.ActiveCfg = Release|Any CPU
		{61706C89-7812-4E89-8244-373FF48240ED}.Release|x86.Build.0 = Release|Any CPU
		{4DB0E86F-7918-4CFE-967D-C7306D6B8BB8}.Debug|Any CPU.ActiveCfg = Debug|Any CPU
		{4DB0E86F-7918-4CFE-967D-C7306D6B8BB8}.Debug|Any CPU.Build.0 = Debug|Any CPU
		{4DB0E86F-7918-4CFE-967D-C7306D6B8BB8}.Debug|x64.ActiveCfg = Debug|Any CPU
		{4DB0E86F-7918-4CFE-967D-C7306D6B8BB8}.Debug|x64.Build.0 = Debug|Any CPU
		{4DB0E86F-7918-4CFE-967D-C7306D6B8BB8}.Debug|x86.ActiveCfg = Debug|Any CPU
		{4DB0E86F-7918-4CFE-967D-C7306D6B8BB8}.Debug|x86.Build.0 = Debug|Any CPU
		{4DB0E86F-7918-4CFE-967D-C7306D6B8BB8}.Release|Any CPU.ActiveCfg = Release|Any CPU
		{4DB0E86F-7918-4CFE-967D-C7306D6B8BB8}.Release|Any CPU.Build.0 = Release|Any CPU
		{4DB0E86F-7918-4CFE-967D-C7306D6B8BB8}.Release|x64.ActiveCfg = Release|Any CPU
		{4DB0E86F-7918-4CFE-967D-C7306D6B8BB8}.Release|x64.Build.0 = Release|Any CPU
		{4DB0E86F-7918-4CFE-967D-C7306D6B8BB8}.Release|x86.ActiveCfg = Release|Any CPU
		{4DB0E86F-7918-4CFE-967D-C7306D6B8BB8}.Release|x86.Build.0 = Release|Any CPU
		{84C2BCDB-6FA1-4F1B-ABE4-CCA5651ABDBD}.Debug|Any CPU.ActiveCfg = Debug|Any CPU
		{84C2BCDB-6FA1-4F1B-ABE4-CCA5651ABDBD}.Debug|Any CPU.Build.0 = Debug|Any CPU
		{84C2BCDB-6FA1-4F1B-ABE4-CCA5651ABDBD}.Debug|x64.ActiveCfg = Debug|Any CPU
		{84C2BCDB-6FA1-4F1B-ABE4-CCA5651ABDBD}.Debug|x64.Build.0 = Debug|Any CPU
		{84C2BCDB-6FA1-4F1B-ABE4-CCA5651ABDBD}.Debug|x86.ActiveCfg = Debug|Any CPU
		{84C2BCDB-6FA1-4F1B-ABE4-CCA5651ABDBD}.Debug|x86.Build.0 = Debug|Any CPU
		{84C2BCDB-6FA1-4F1B-ABE4-CCA5651ABDBD}.Release|Any CPU.ActiveCfg = Release|Any CPU
		{84C2BCDB-6FA1-4F1B-ABE4-CCA5651ABDBD}.Release|Any CPU.Build.0 = Release|Any CPU
		{84C2BCDB-6FA1-4F1B-ABE4-CCA5651ABDBD}.Release|x64.ActiveCfg = Release|Any CPU
		{84C2BCDB-6FA1-4F1B-ABE4-CCA5651ABDBD}.Release|x64.Build.0 = Release|Any CPU
		{84C2BCDB-6FA1-4F1B-ABE4-CCA5651ABDBD}.Release|x86.ActiveCfg = Release|Any CPU
		{84C2BCDB-6FA1-4F1B-ABE4-CCA5651ABDBD}.Release|x86.Build.0 = Release|Any CPU
		{4900DD05-9E16-4FC5-AF0D-8DBA0D23C285}.Debug|Any CPU.ActiveCfg = Debug|Any CPU
		{4900DD05-9E16-4FC5-AF0D-8DBA0D23C285}.Debug|Any CPU.Build.0 = Debug|Any CPU
		{4900DD05-9E16-4FC5-AF0D-8DBA0D23C285}.Debug|x64.ActiveCfg = Debug|Any CPU
		{4900DD05-9E16-4FC5-AF0D-8DBA0D23C285}.Debug|x64.Build.0 = Debug|Any CPU
		{4900DD05-9E16-4FC5-AF0D-8DBA0D23C285}.Debug|x86.ActiveCfg = Debug|Any CPU
		{4900DD05-9E16-4FC5-AF0D-8DBA0D23C285}.Debug|x86.Build.0 = Debug|Any CPU
		{4900DD05-9E16-4FC5-AF0D-8DBA0D23C285}.Release|Any CPU.ActiveCfg = Release|Any CPU
		{4900DD05-9E16-4FC5-AF0D-8DBA0D23C285}.Release|Any CPU.Build.0 = Release|Any CPU
		{4900DD05-9E16-4FC5-AF0D-8DBA0D23C285}.Release|x64.ActiveCfg = Release|Any CPU
		{4900DD05-9E16-4FC5-AF0D-8DBA0D23C285}.Release|x64.Build.0 = Release|Any CPU
		{4900DD05-9E16-4FC5-AF0D-8DBA0D23C285}.Release|x86.ActiveCfg = Release|Any CPU
		{4900DD05-9E16-4FC5-AF0D-8DBA0D23C285}.Release|x86.Build.0 = Release|Any CPU
	EndGlobalSection
	GlobalSection(SolutionProperties) = preSolution
		HideSolutionNode = FALSE
	EndGlobalSection
	GlobalSection(NestedProjects) = preSolution
		{51DCF00A-F7E4-42FF-BBC1-574BC1143BBF} = {0AB3BF05-4346-4AA6-1389-037BE0695223}
		{C7FE3025-A94F-4EEA-AA09-B0E137D502E7} = {827E0CD3-B72D-47B6-A68D-7590B98EB39B}
		{3CD7CCC7-CF1D-4C18-9647-6751F1913708} = {827E0CD3-B72D-47B6-A68D-7590B98EB39B}
		{383655AF-878B-4B58-802E-EA8E2659693B} = {827E0CD3-B72D-47B6-A68D-7590B98EB39B}
		{89774258-9FA4-47A1-9026-F5AB3C6226DB} = {827E0CD3-B72D-47B6-A68D-7590B98EB39B}
		{4A5769EC-FD89-4A06-8BE1-69C3CB993209} = {827E0CD3-B72D-47B6-A68D-7590B98EB39B}
		{6EC85CA3-3F3B-4E65-A1F5-BE3ED8AED121} = {827E0CD3-B72D-47B6-A68D-7590B98EB39B}
		{E818FB1B-DF9B-4C39-A5FC-DEA53E6F1D1D} = {827E0CD3-B72D-47B6-A68D-7590B98EB39B}
		{9A416505-955D-433D-8A59-466BF2DDE711} = {827E0CD3-B72D-47B6-A68D-7590B98EB39B}
		{C4D1F0A5-FE91-4DCE-8F8E-225C485B195C} = {827E0CD3-B72D-47B6-A68D-7590B98EB39B}
		{5C8545C6-4E69-429F-8E7C-A553CF1A3380} = {827E0CD3-B72D-47B6-A68D-7590B98EB39B}
		{0DC0B664-C1F9-4213-91E7-2F2F216F4FC4} = {0AB3BF05-4346-4AA6-1389-037BE0695223}
		{F8E25E35-A5C3-48BA-98F8-94CD404D04DC} = {0AB3BF05-4346-4AA6-1389-037BE0695223}
		{07D215B3-FC1D-419A-8754-48D059C255B8} = {0AB3BF05-4346-4AA6-1389-037BE0695223}
		{18A5CA66-88CC-41BB-A692-E02B091324FC} = {0AB3BF05-4346-4AA6-1389-037BE0695223}
		{E68F6DA3-D6AF-4902-9803-9D7956CB451C} = {0AB3BF05-4346-4AA6-1389-037BE0695223}
		{61706C89-7812-4E89-8244-373FF48240ED} = {0AB3BF05-4346-4AA6-1389-037BE0695223}
		{4DB0E86F-7918-4CFE-967D-C7306D6B8BB8} = {0AB3BF05-4346-4AA6-1389-037BE0695223}
		{84C2BCDB-6FA1-4F1B-ABE4-CCA5651ABDBD} = {0AB3BF05-4346-4AA6-1389-037BE0695223}
		{4900DD05-9E16-4FC5-AF0D-8DBA0D23C285} = {0AB3BF05-4346-4AA6-1389-037BE0695223}
	EndGlobalSection
EndGlobal
